
Microsoft Visual Studio Solution File, Format Version 12.00
# Visual Studio Version 17
VisualStudioVersion = 17.9.34723.18
MinimumVisualStudioVersion = 10.0.40219.1
Project("{9A19103F-16F7-4668-BE54-9A1E7A4F7556}") = "MessageBrokerCore", "MessageBrokerCore\MessageBrokerCore.csproj", "{6CB81519-42F4-4C58-8210-65FB65719CBA}"
EndProject
Project("{9A19103F-16F7-4668-BE54-9A1E7A4F7556}") = "ServiceBusBroker", "ServiceBusBroker\ServiceBusBroker.csproj", "{5E4A08AF-08D7-4669-BE06-884F95376728}"
EndProject
Project("{FAE04EC0-301F-11D3-BF4B-00C04F79EFBC}") = "MessageBroker.Demo", "MessageBroker.Demo\MessageBroker.Demo.csproj", "{17D562F9-ACDA-4E3F-AC14-45F6B09F2E0B}"
EndProject
Global
	GlobalSection(SolutionConfigurationPlatforms) = preSolution
		Debug|Any CPU = Debug|Any CPU
		Release|Any CPU = Release|Any CPU
	EndGlobalSection
	GlobalSection(ProjectConfigurationPlatforms) = postSolution
		{6CB81519-42F4-4C58-8210-65FB65719CBA}.Debug|Any CPU.ActiveCfg = Debug|Any CPU
		{6CB81519-42F4-4C58-8210-65FB65719CBA}.Debug|Any CPU.Build.0 = Debug|Any CPU
		{6CB81519-42F4-4C58-8210-65FB65719CBA}.Release|Any CPU.ActiveCfg = Release|Any CPU
		{6CB81519-42F4-4C58-8210-65FB65719CBA}.Release|Any CPU.Build.0 = Release|Any CPU
		{5E4A08AF-08D7-4669-BE06-884F95376728}.Debug|Any CPU.ActiveCfg = Debug|Any CPU
		{5E4A08AF-08D7-4669-BE06-884F95376728}.Debug|Any CPU.Build.0 = Debug|Any CPU
		{5E4A08AF-08D7-4669-BE06-884F95376728}.Release|Any CPU.ActiveCfg = Release|Any CPU
		{5E4A08AF-08D7-4669-BE06-884F95376728}.Release|Any CPU.Build.0 = Release|Any CPU
		{17D562F9-ACDA-4E3F-AC14-45F6B09F2E0B}.Debug|Any CPU.ActiveCfg = Debug|Any CPU
		{17D562F9-ACDA-4E3F-AC14-45F6B09F2E0B}.Debug|Any CPU.Build.0 = Debug|Any CPU
		{17D562F9-ACDA-4E3F-AC14-45F6B09F2E0B}.Release|Any CPU.ActiveCfg = Release|Any CPU
		{17D562F9-ACDA-4E3F-AC14-45F6B09F2E0B}.Release|Any CPU.Build.0 = Release|Any CPU
	EndGlobalSection
	GlobalSection(SolutionProperties) = preSolution
		HideSolutionNode = FALSE
	EndGlobalSection
	GlobalSection(ExtensibilityGlobals) = postSolution
		SolutionGuid = {A0DDD67A-C606-452F-9FE3-5E033A5CCF05}
	EndGlobalSection
EndGlobal
